// !$*UTF8*$!
{
	archiveVersion = 1;
	classes = {
	};
	objectVersion = 46;
	objects = {

/* Begin PBXBuildFile section */
		6048866F1E80E56700199F4C /* Alamofire.framework in Frameworks */ = {isa = PBXBuildFile; fileRef = 604886621E80E52300199F4C /* Alamofire.framework */; };
		604886701E80E56700199F4C /* Alamofire.framework in Embed Frameworks */ = {isa = PBXBuildFile; fileRef = 604886621E80E52300199F4C /* Alamofire.framework */; settings = {ATTRIBUTES = (CodeSignOnCopy, RemoveHeadersOnCopy, ); }; };
		604886751E80E5AA00199F4C /* HttpTool.swift in Sources */ = {isa = PBXBuildFile; fileRef = 604886741E80E5AA00199F4C /* HttpTool.swift */; };
		6054733B1E7A6BF9001CA00C /* AppDelegate.swift in Sources */ = {isa = PBXBuildFile; fileRef = 6054733A1E7A6BF9001CA00C /* AppDelegate.swift */; };
		605473421E7A6BF9001CA00C /* Assets.xcassets in Resources */ = {isa = PBXBuildFile; fileRef = 605473411E7A6BF9001CA00C /* Assets.xcassets */; };
		605473451E7A6BF9001CA00C /* LaunchScreen.storyboard in Resources */ = {isa = PBXBuildFile; fileRef = 605473431E7A6BF9001CA00C /* LaunchScreen.storyboard */; };
		605473521E7A6EED001CA00C /* OAuthViewController.swift in Sources */ = {isa = PBXBuildFile; fileRef = 605473511E7A6EED001CA00C /* OAuthViewController.swift */; };
		605473681E7A7AB4001CA00C /* RootTool.swift in Sources */ = {isa = PBXBuildFile; fileRef = 605473671E7A7AB4001CA00C /* RootTool.swift */; };
		6060DE8F1E7A869E0055F510 /* ComposeViewController.swift in Sources */ = {isa = PBXBuildFile; fileRef = 6060DE8E1E7A869E0055F510 /* ComposeViewController.swift */; };
		6060DE911E7A86B20055F510 /* HomeViewController.swift in Sources */ = {isa = PBXBuildFile; fileRef = 6060DE901E7A86B20055F510 /* HomeViewController.swift */; };
		6060DE931E7A86C60055F510 /* MessageViewController.swift in Sources */ = {isa = PBXBuildFile; fileRef = 6060DE921E7A86C60055F510 /* MessageViewController.swift */; };
		6060DE951E7A86DD0055F510 /* DiscoverViewController.swift in Sources */ = {isa = PBXBuildFile; fileRef = 6060DE941E7A86DD0055F510 /* DiscoverViewController.swift */; };
		6060DE971E7A86FA0055F510 /* ProfileViewController.swift in Sources */ = {isa = PBXBuildFile; fileRef = 6060DE961E7A86FA0055F510 /* ProfileViewController.swift */; };
		6060DE991E7A87340055F510 /* TabBarController.swift in Sources */ = {isa = PBXBuildFile; fileRef = 6060DE981E7A87340055F510 /* TabBarController.swift */; };
		6060DE9B1E7A875B0055F510 /* TabBar.swift in Sources */ = {isa = PBXBuildFile; fileRef = 6060DE9A1E7A875B0055F510 /* TabBar.swift */; };
		6060DE9D1E7A880C0055F510 /* NavigationController.swift in Sources */ = {isa = PBXBuildFile; fileRef = 6060DE9C1E7A880C0055F510 /* NavigationController.swift */; };
		6060DE9F1E7A88410055F510 /* TabBarButton.swift in Sources */ = {isa = PBXBuildFile; fileRef = 6060DE9E1E7A88410055F510 /* TabBarButton.swift */; };
		6060DEA11E7A885C0055F510 /* BadgeView.swift in Sources */ = {isa = PBXBuildFile; fileRef = 6060DEA01E7A885C0055F510 /* BadgeView.swift */; };
		60662DA51E7FAE5700C95DA3 /* SwiftyJSON.swift in Sources */ = {isa = PBXBuildFile; fileRef = 60662DA41E7FAE5700C95DA3 /* SwiftyJSON.swift */; };
		60662DBD1E7FAFEB00C95DA3 /* AnimatedImageView.swift in Sources */ = {isa = PBXBuildFile; fileRef = 60662DA61E7FAFEB00C95DA3 /* AnimatedImageView.swift */; };
		60662DBE1E7FAFEB00C95DA3 /* Box.swift in Sources */ = {isa = PBXBuildFile; fileRef = 60662DA71E7FAFEB00C95DA3 /* Box.swift */; };
		60662DBF1E7FAFEB00C95DA3 /* CacheSerializer.swift in Sources */ = {isa = PBXBuildFile; fileRef = 60662DA81E7FAFEB00C95DA3 /* CacheSerializer.swift */; };
		60662DC01E7FAFEB00C95DA3 /* Filter.swift in Sources */ = {isa = PBXBuildFile; fileRef = 60662DA91E7FAFEB00C95DA3 /* Filter.swift */; };
		60662DC11E7FAFEB00C95DA3 /* Image.swift in Sources */ = {isa = PBXBuildFile; fileRef = 60662DAA1E7FAFEB00C95DA3 /* Image.swift */; };
		60662DC21E7FAFEB00C95DA3 /* ImageCache.swift in Sources */ = {isa = PBXBuildFile; fileRef = 60662DAB1E7FAFEB00C95DA3 /* ImageCache.swift */; };
		60662DC31E7FAFEB00C95DA3 /* ImageDownloader.swift in Sources */ = {isa = PBXBuildFile; fileRef = 60662DAC1E7FAFEB00C95DA3 /* ImageDownloader.swift */; };
		60662DC41E7FAFEB00C95DA3 /* ImagePrefetcher.swift in Sources */ = {isa = PBXBuildFile; fileRef = 60662DAD1E7FAFEB00C95DA3 /* ImagePrefetcher.swift */; };
		60662DC51E7FAFEB00C95DA3 /* ImageProcessor.swift in Sources */ = {isa = PBXBuildFile; fileRef = 60662DAE1E7FAFEB00C95DA3 /* ImageProcessor.swift */; };
		60662DC61E7FAFEB00C95DA3 /* ImageTransition.swift in Sources */ = {isa = PBXBuildFile; fileRef = 60662DAF1E7FAFEB00C95DA3 /* ImageTransition.swift */; };
		60662DC71E7FAFEB00C95DA3 /* ImageView+Kingfisher.swift in Sources */ = {isa = PBXBuildFile; fileRef = 60662DB01E7FAFEB00C95DA3 /* ImageView+Kingfisher.swift */; };
		60662DC81E7FAFEB00C95DA3 /* Indicator.swift in Sources */ = {isa = PBXBuildFile; fileRef = 60662DB11E7FAFEB00C95DA3 /* Indicator.swift */; };
		60662DC91E7FAFEB00C95DA3 /* Info.plist in Resources */ = {isa = PBXBuildFile; fileRef = 60662DB21E7FAFEB00C95DA3 /* Info.plist */; };
		60662DCA1E7FAFEB00C95DA3 /* Kingfisher.swift in Sources */ = {isa = PBXBuildFile; fileRef = 60662DB41E7FAFEB00C95DA3 /* Kingfisher.swift */; };
		60662DCB1E7FAFEB00C95DA3 /* KingfisherManager.swift in Sources */ = {isa = PBXBuildFile; fileRef = 60662DB51E7FAFEB00C95DA3 /* KingfisherManager.swift */; };
		60662DCC1E7FAFEB00C95DA3 /* KingfisherOptionsInfo.swift in Sources */ = {isa = PBXBuildFile; fileRef = 60662DB61E7FAFEB00C95DA3 /* KingfisherOptionsInfo.swift */; };
		60662DCE1E7FAFEB00C95DA3 /* RequestModifier.swift in Sources */ = {isa = PBXBuildFile; fileRef = 60662DB81E7FAFEB00C95DA3 /* RequestModifier.swift */; };
		60662DCF1E7FAFEB00C95DA3 /* Resource.swift in Sources */ = {isa = PBXBuildFile; fileRef = 60662DB91E7FAFEB00C95DA3 /* Resource.swift */; };
		60662DD01E7FAFEB00C95DA3 /* String+MD5.swift in Sources */ = {isa = PBXBuildFile; fileRef = 60662DBA1E7FAFEB00C95DA3 /* String+MD5.swift */; };
		60662DD11E7FAFEB00C95DA3 /* ThreadHelper.swift in Sources */ = {isa = PBXBuildFile; fileRef = 60662DBB1E7FAFEB00C95DA3 /* ThreadHelper.swift */; };
		60662DD21E7FAFEB00C95DA3 /* UIButton+Kingfisher.swift in Sources */ = {isa = PBXBuildFile; fileRef = 60662DBC1E7FAFEB00C95DA3 /* UIButton+Kingfisher.swift */; };
		6076324C1E7B8A2500927005 /* commonTool.swift in Sources */ = {isa = PBXBuildFile; fileRef = 6076324B1E7B8A2500927005 /* commonTool.swift */; };
		6076324E1E7BE05C00927005 /* NewFeatureViewController.swift in Sources */ = {isa = PBXBuildFile; fileRef = 6076324D1E7BE05C00927005 /* NewFeatureViewController.swift */; };
		607632501E7BE09F00927005 /* NewFeatureCell.swift in Sources */ = {isa = PBXBuildFile; fileRef = 6076324F1E7BE09F00927005 /* NewFeatureCell.swift */; };
		607632521E7BEA8600927005 /* SwiftWeibo.swift in Sources */ = {isa = PBXBuildFile; fileRef = 607632511E7BEA8600927005 /* SwiftWeibo.swift */; };
		607632601E7BFA8700927005 /* new_feature_1-568h@2x.png in Resources */ = {isa = PBXBuildFile; fileRef = 607632541E7BFA8700927005 /* new_feature_1-568h@2x.png */; };
		607632611E7BFA8700927005 /* new_feature_1@2x.png in Resources */ = {isa = PBXBuildFile; fileRef = 607632551E7BFA8700927005 /* new_feature_1@2x.png */; };
		607632621E7BFA8700927005 /* new_feature_2-568h@2x.png in Resources */ = {isa = PBXBuildFile; fileRef = 607632561E7BFA8700927005 /* new_feature_2-568h@2x.png */; };
		607632631E7BFA8700927005 /* new_feature_2@2x.png in Resources */ = {isa = PBXBuildFile; fileRef = 607632571E7BFA8700927005 /* new_feature_2@2x.png */; };
		607632641E7BFA8700927005 /* new_feature_3-568h@2x.png in Resources */ = {isa = PBXBuildFile; fileRef = 607632581E7BFA8700927005 /* new_feature_3-568h@2x.png */; };
		607632651E7BFA8700927005 /* new_feature_3@2x.png in Resources */ = {isa = PBXBuildFile; fileRef = 607632591E7BFA8700927005 /* new_feature_3@2x.png */; };
		607632661E7BFA8700927005 /* new_feature_4-568h@2x.png in Resources */ = {isa = PBXBuildFile; fileRef = 6076325A1E7BFA8700927005 /* new_feature_4-568h@2x.png */; };
		607632671E7BFA8700927005 /* new_feature_4@2x.png in Resources */ = {isa = PBXBuildFile; fileRef = 6076325B1E7BFA8700927005 /* new_feature_4@2x.png */; };
		607632681E7BFA8700927005 /* new_feature_finish_button_highlighted@2x.png in Resources */ = {isa = PBXBuildFile; fileRef = 6076325C1E7BFA8700927005 /* new_feature_finish_button_highlighted@2x.png */; };
		607632691E7BFA8700927005 /* new_feature_finish_button@2x.png in Resources */ = {isa = PBXBuildFile; fileRef = 6076325D1E7BFA8700927005 /* new_feature_finish_button@2x.png */; };
		6076326A1E7BFA8700927005 /* new_feature_share_false@2x.png in Resources */ = {isa = PBXBuildFile; fileRef = 6076325E1E7BFA8700927005 /* new_feature_share_false@2x.png */; };
		6076326B1E7BFA8700927005 /* new_feature_share_true@2x.png in Resources */ = {isa = PBXBuildFile; fileRef = 6076325F1E7BFA8700927005 /* new_feature_share_true@2x.png */; };
/* End PBXBuildFile section */

/* Begin PBXContainerItemProxy section */
		604886611E80E52300199F4C /* PBXContainerItemProxy */ = {
			isa = PBXContainerItemProxy;
			containerPortal = 604886561E80E52300199F4C /* Alamofire.xcodeproj */;
			proxyType = 2;
			remoteGlobalIDString = F8111E3319A95C8B0040E7D1;
			remoteInfo = "Alamofire iOS";
		};
		604886631E80E52300199F4C /* PBXContainerItemProxy */ = {
			isa = PBXContainerItemProxy;
			containerPortal = 604886561E80E52300199F4C /* Alamofire.xcodeproj */;
			proxyType = 2;
			remoteGlobalIDString = F8111E3E19A95C8B0040E7D1;
			remoteInfo = "Alamofire iOS Tests";
		};
		604886651E80E52300199F4C /* PBXContainerItemProxy */ = {
			isa = PBXContainerItemProxy;
			containerPortal = 604886561E80E52300199F4C /* Alamofire.xcodeproj */;
			proxyType = 2;
			remoteGlobalIDString = 4DD67C0B1A5C55C900ED2280;
			remoteInfo = "Alamofire macOS";
		};
		604886671E80E52300199F4C /* PBXContainerItemProxy */ = {
			isa = PBXContainerItemProxy;
			containerPortal = 604886561E80E52300199F4C /* Alamofire.xcodeproj */;
			proxyType = 2;
			remoteGlobalIDString = F829C6B21A7A94F100A2CD59;
			remoteInfo = "Alamofire macOS Tests";
		};
		604886691E80E52300199F4C /* PBXContainerItemProxy */ = {
			isa = PBXContainerItemProxy;
			containerPortal = 604886561E80E52300199F4C /* Alamofire.xcodeproj */;
			proxyType = 2;
			remoteGlobalIDString = 4CF626EF1BA7CB3E0011A099;
			remoteInfo = "Alamofire tvOS";
		};
		6048866B1E80E52300199F4C /* PBXContainerItemProxy */ = {
			isa = PBXContainerItemProxy;
			containerPortal = 604886561E80E52300199F4C /* Alamofire.xcodeproj */;
			proxyType = 2;
			remoteGlobalIDString = 4CF626F81BA7CB3E0011A099;
			remoteInfo = "Alamofire tvOS Tests";
		};
		6048866D1E80E52300199F4C /* PBXContainerItemProxy */ = {
			isa = PBXContainerItemProxy;
			containerPortal = 604886561E80E52300199F4C /* Alamofire.xcodeproj */;
			proxyType = 2;
			remoteGlobalIDString = E4202FE01B667AA100C997FB;
			remoteInfo = "Alamofire watchOS";
		};
		604886711E80E56700199F4C /* PBXContainerItemProxy */ = {
			isa = PBXContainerItemProxy;
			containerPortal = 604886561E80E52300199F4C /* Alamofire.xcodeproj */;
			proxyType = 1;
			remoteGlobalIDString = F8111E3219A95C8B0040E7D1;
			remoteInfo = "Alamofire iOS";
		};
/* End PBXContainerItemProxy section */

/* Begin PBXCopyFilesBuildPhase section */
		604886731E80E56700199F4C /* Embed Frameworks */ = {
			isa = PBXCopyFilesBuildPhase;
			buildActionMask = 2147483647;
			dstPath = "";
			dstSubfolderSpec = 10;
			files = (
				604886701E80E56700199F4C /* Alamofire.framework in Embed Frameworks */,
			);
			name = "Embed Frameworks";
			runOnlyForDeploymentPostprocessing = 0;
		};
/* End PBXCopyFilesBuildPhase section */

/* Begin PBXFileReference section */
		604886561E80E52300199F4C /* Alamofire.xcodeproj */ = {isa = PBXFileReference; lastKnownFileType = "wrapper.pb-project"; name = Alamofire.xcodeproj; path = SwiftWeibo/Classes/Other/Lib/Alamofire/Alamofire.xcodeproj; sourceTree = "<group>"; };
		604886741E80E5AA00199F4C /* HttpTool.swift */ = {isa = PBXFileReference; fileEncoding = 4; lastKnownFileType = sourcecode.swift; path = HttpTool.swift; sourceTree = "<group>"; };
		605473371E7A6BF9001CA00C /* SwiftWeibo.app */ = {isa = PBXFileReference; explicitFileType = wrapper.application; includeInIndex = 0; path = SwiftWeibo.app; sourceTree = BUILT_PRODUCTS_DIR; };
		6054733A1E7A6BF9001CA00C /* AppDelegate.swift */ = {isa = PBXFileReference; lastKnownFileType = sourcecode.swift; path = AppDelegate.swift; sourceTree = "<group>"; };
		605473411E7A6BF9001CA00C /* Assets.xcassets */ = {isa = PBXFileReference; lastKnownFileType = folder.assetcatalog; path = Assets.xcassets; sourceTree = "<group>"; };
		605473441E7A6BF9001CA00C /* Base */ = {isa = PBXFileReference; lastKnownFileType = file.storyboard; name = Base; path = Base.lproj/LaunchScreen.storyboard; sourceTree = "<group>"; };
		605473461E7A6BF9001CA00C /* Info.plist */ = {isa = PBXFileReference; lastKnownFileType = text.plist.xml; path = Info.plist; sourceTree = "<group>"; };
		605473511E7A6EED001CA00C /* OAuthViewController.swift */ = {isa = PBXFileReference; fileEncoding = 4; lastKnownFileType = sourcecode.swift; path = OAuthViewController.swift; sourceTree = "<group>"; };
		605473671E7A7AB4001CA00C /* RootTool.swift */ = {isa = PBXFileReference; fileEncoding = 4; lastKnownFileType = sourcecode.swift; path = RootTool.swift; sourceTree = "<group>"; };
		6060DE891E7A7D630055F510 /* SwiftWeibo.pch */ = {isa = PBXFileReference; lastKnownFileType = sourcecode.c.h; path = SwiftWeibo.pch; sourceTree = "<group>"; };
		6060DE8E1E7A869E0055F510 /* ComposeViewController.swift */ = {isa = PBXFileReference; fileEncoding = 4; lastKnownFileType = sourcecode.swift; path = ComposeViewController.swift; sourceTree = "<group>"; };
		6060DE901E7A86B20055F510 /* HomeViewController.swift */ = {isa = PBXFileReference; fileEncoding = 4; lastKnownFileType = sourcecode.swift; path = HomeViewController.swift; sourceTree = "<group>"; };
		6060DE921E7A86C60055F510 /* MessageViewController.swift */ = {isa = PBXFileReference; fileEncoding = 4; lastKnownFileType = sourcecode.swift; path = MessageViewController.swift; sourceTree = "<group>"; };
		6060DE941E7A86DD0055F510 /* DiscoverViewController.swift */ = {isa = PBXFileReference; fileEncoding = 4; lastKnownFileType = sourcecode.swift; path = DiscoverViewController.swift; sourceTree = "<group>"; };
		6060DE961E7A86FA0055F510 /* ProfileViewController.swift */ = {isa = PBXFileReference; fileEncoding = 4; lastKnownFileType = sourcecode.swift; path = ProfileViewController.swift; sourceTree = "<group>"; };
		6060DE981E7A87340055F510 /* TabBarController.swift */ = {isa = PBXFileReference; fileEncoding = 4; lastKnownFileType = sourcecode.swift; path = TabBarController.swift; sourceTree = "<group>"; };
		6060DE9A1E7A875B0055F510 /* TabBar.swift */ = {isa = PBXFileReference; fileEncoding = 4; lastKnownFileType = sourcecode.swift; path = TabBar.swift; sourceTree = "<group>"; };
		6060DE9C1E7A880C0055F510 /* NavigationController.swift */ = {isa = PBXFileReference; fileEncoding = 4; lastKnownFileType = sourcecode.swift; path = NavigationController.swift; sourceTree = "<group>"; };
		6060DE9E1E7A88410055F510 /* TabBarButton.swift */ = {isa = PBXFileReference; fileEncoding = 4; lastKnownFileType = sourcecode.swift; path = TabBarButton.swift; sourceTree = "<group>"; };
		6060DEA01E7A885C0055F510 /* BadgeView.swift */ = {isa = PBXFileReference; fileEncoding = 4; lastKnownFileType = sourcecode.swift; path = BadgeView.swift; sourceTree = "<group>"; };
		60662DA31E7FAE5700C95DA3 /* SwiftyJSON.h */ = {isa = PBXFileReference; fileEncoding = 4; lastKnownFileType = sourcecode.c.h; path = SwiftyJSON.h; sourceTree = "<group>"; };
		60662DA41E7FAE5700C95DA3 /* SwiftyJSON.swift */ = {isa = PBXFileReference; fileEncoding = 4; lastKnownFileType = sourcecode.swift; path = SwiftyJSON.swift; sourceTree = "<group>"; };
		60662DA61E7FAFEB00C95DA3 /* AnimatedImageView.swift */ = {isa = PBXFileReference; fileEncoding = 4; lastKnownFileType = sourcecode.swift; path = AnimatedImageView.swift; sourceTree = "<group>"; };
		60662DA71E7FAFEB00C95DA3 /* Box.swift */ = {isa = PBXFileReference; fileEncoding = 4; lastKnownFileType = sourcecode.swift; path = Box.swift; sourceTree = "<group>"; };
		60662DA81E7FAFEB00C95DA3 /* CacheSerializer.swift */ = {isa = PBXFileReference; fileEncoding = 4; lastKnownFileType = sourcecode.swift; path = CacheSerializer.swift; sourceTree = "<group>"; };
		60662DA91E7FAFEB00C95DA3 /* Filter.swift */ = {isa = PBXFileReference; fileEncoding = 4; lastKnownFileType = sourcecode.swift; path = Filter.swift; sourceTree = "<group>"; };
		60662DAA1E7FAFEB00C95DA3 /* Image.swift */ = {isa = PBXFileReference; fileEncoding = 4; lastKnownFileType = sourcecode.swift; path = Image.swift; sourceTree = "<group>"; };
		60662DAB1E7FAFEB00C95DA3 /* ImageCache.swift */ = {isa = PBXFileReference; fileEncoding = 4; lastKnownFileType = sourcecode.swift; path = ImageCache.swift; sourceTree = "<group>"; };
		60662DAC1E7FAFEB00C95DA3 /* ImageDownloader.swift */ = {isa = PBXFileReference; fileEncoding = 4; lastKnownFileType = sourcecode.swift; path = ImageDownloader.swift; sourceTree = "<group>"; };
		60662DAD1E7FAFEB00C95DA3 /* ImagePrefetcher.swift */ = {isa = PBXFileReference; fileEncoding = 4; lastKnownFileType = sourcecode.swift; path = ImagePrefetcher.swift; sourceTree = "<group>"; };
		60662DAE1E7FAFEB00C95DA3 /* ImageProcessor.swift */ = {isa = PBXFileReference; fileEncoding = 4; lastKnownFileType = sourcecode.swift; path = ImageProcessor.swift; sourceTree = "<group>"; };
		60662DAF1E7FAFEB00C95DA3 /* ImageTransition.swift */ = {isa = PBXFileReference; fileEncoding = 4; lastKnownFileType = sourcecode.swift; path = ImageTransition.swift; sourceTree = "<group>"; };
		60662DB01E7FAFEB00C95DA3 /* ImageView+Kingfisher.swift */ = {isa = PBXFileReference; fileEncoding = 4; lastKnownFileType = sourcecode.swift; path = "ImageView+Kingfisher.swift"; sourceTree = "<group>"; };
		60662DB11E7FAFEB00C95DA3 /* Indicator.swift */ = {isa = PBXFileReference; fileEncoding = 4; lastKnownFileType = sourcecode.swift; path = Indicator.swift; sourceTree = "<group>"; };
		60662DB21E7FAFEB00C95DA3 /* Info.plist */ = {isa = PBXFileReference; fileEncoding = 4; lastKnownFileType = text.plist.xml; path = Info.plist; sourceTree = "<group>"; };
		60662DB31E7FAFEB00C95DA3 /* Kingfisher.h */ = {isa = PBXFileReference; fileEncoding = 4; lastKnownFileType = sourcecode.c.h; path = Kingfisher.h; sourceTree = "<group>"; };
		60662DB41E7FAFEB00C95DA3 /* Kingfisher.swift */ = {isa = PBXFileReference; fileEncoding = 4; lastKnownFileType = sourcecode.swift; path = Kingfisher.swift; sourceTree = "<group>"; };
		60662DB51E7FAFEB00C95DA3 /* KingfisherManager.swift */ = {isa = PBXFileReference; fileEncoding = 4; lastKnownFileType = sourcecode.swift; path = KingfisherManager.swift; sourceTree = "<group>"; };
		60662DB61E7FAFEB00C95DA3 /* KingfisherOptionsInfo.swift */ = {isa = PBXFileReference; fileEncoding = 4; lastKnownFileType = sourcecode.swift; path = KingfisherOptionsInfo.swift; sourceTree = "<group>"; };
		60662DB81E7FAFEB00C95DA3 /* RequestModifier.swift */ = {isa = PBXFileReference; fileEncoding = 4; lastKnownFileType = sourcecode.swift; path = RequestModifier.swift; sourceTree = "<group>"; };
		60662DB91E7FAFEB00C95DA3 /* Resource.swift */ = {isa = PBXFileReference; fileEncoding = 4; lastKnownFileType = sourcecode.swift; path = Resource.swift; sourceTree = "<group>"; };
		60662DBA1E7FAFEB00C95DA3 /* String+MD5.swift */ = {isa = PBXFileReference; fileEncoding = 4; lastKnownFileType = sourcecode.swift; path = "String+MD5.swift"; sourceTree = "<group>"; };
		60662DBB1E7FAFEB00C95DA3 /* ThreadHelper.swift */ = {isa = PBXFileReference; fileEncoding = 4; lastKnownFileType = sourcecode.swift; path = ThreadHelper.swift; sourceTree = "<group>"; };
		60662DBC1E7FAFEB00C95DA3 /* UIButton+Kingfisher.swift */ = {isa = PBXFileReference; fileEncoding = 4; lastKnownFileType = sourcecode.swift; path = "UIButton+Kingfisher.swift"; sourceTree = "<group>"; };
		6076324B1E7B8A2500927005 /* commonTool.swift */ = {isa = PBXFileReference; fileEncoding = 4; lastKnownFileType = sourcecode.swift; path = commonTool.swift; sourceTree = "<group>"; };
		6076324D1E7BE05C00927005 /* NewFeatureViewController.swift */ = {isa = PBXFileReference; fileEncoding = 4; lastKnownFileType = sourcecode.swift; path = NewFeatureViewController.swift; sourceTree = "<group>"; };
		6076324F1E7BE09F00927005 /* NewFeatureCell.swift */ = {isa = PBXFileReference; fileEncoding = 4; lastKnownFileType = sourcecode.swift; path = NewFeatureCell.swift; sourceTree = "<group>"; };
		607632511E7BEA8600927005 /* SwiftWeibo.swift */ = {isa = PBXFileReference; fileEncoding = 4; lastKnownFileType = sourcecode.swift; path = SwiftWeibo.swift; sourceTree = "<group>"; };
		607632541E7BFA8700927005 /* new_feature_1-568h@2x.png */ = {isa = PBXFileReference; lastKnownFileType = image.png; path = "new_feature_1-568h@2x.png"; sourceTree = "<group>"; };
		607632551E7BFA8700927005 /* new_feature_1@2x.png */ = {isa = PBXFileReference; lastKnownFileType = image.png; path = "new_feature_1@2x.png"; sourceTree = "<group>"; };
		607632561E7BFA8700927005 /* new_feature_2-568h@2x.png */ = {isa = PBXFileReference; lastKnownFileType = image.png; path = "new_feature_2-568h@2x.png"; sourceTree = "<group>"; };
		607632571E7BFA8700927005 /* new_feature_2@2x.png */ = {isa = PBXFileReference; lastKnownFileType = image.png; path = "new_feature_2@2x.png"; sourceTree = "<group>"; };
		607632581E7BFA8700927005 /* new_feature_3-568h@2x.png */ = {isa = PBXFileReference; lastKnownFileType = image.png; path = "new_feature_3-568h@2x.png"; sourceTree = "<group>"; };
		607632591E7BFA8700927005 /* new_feature_3@2x.png */ = {isa = PBXFileReference; lastKnownFileType = image.png; path = "new_feature_3@2x.png"; sourceTree = "<group>"; };
		6076325A1E7BFA8700927005 /* new_feature_4-568h@2x.png */ = {isa = PBXFileReference; lastKnownFileType = image.png; path = "new_feature_4-568h@2x.png"; sourceTree = "<group>"; };
		6076325B1E7BFA8700927005 /* new_feature_4@2x.png */ = {isa = PBXFileReference; lastKnownFileType = image.png; path = "new_feature_4@2x.png"; sourceTree = "<group>"; };
		6076325C1E7BFA8700927005 /* new_feature_finish_button_highlighted@2x.png */ = {isa = PBXFileReference; lastKnownFileType = image.png; path = "new_feature_finish_button_highlighted@2x.png"; sourceTree = "<group>"; };
		6076325D1E7BFA8700927005 /* new_feature_finish_button@2x.png */ = {isa = PBXFileReference; lastKnownFileType = image.png; path = "new_feature_finish_button@2x.png"; sourceTree = "<group>"; };
		6076325E1E7BFA8700927005 /* new_feature_share_false@2x.png */ = {isa = PBXFileReference; lastKnownFileType = image.png; path = "new_feature_share_false@2x.png"; sourceTree = "<group>"; };
		6076325F1E7BFA8700927005 /* new_feature_share_true@2x.png */ = {isa = PBXFileReference; lastKnownFileType = image.png; path = "new_feature_share_true@2x.png"; sourceTree = "<group>"; };
/* End PBXFileReference section */

/* Begin PBXFrameworksBuildPhase section */
		605473341E7A6BF9001CA00C /* Frameworks */ = {
			isa = PBXFrameworksBuildPhase;
			buildActionMask = 2147483647;
			files = (
				6048866F1E80E56700199F4C /* Alamofire.framework in Frameworks */,
			);
			runOnlyForDeploymentPostprocessing = 0;
		};
/* End PBXFrameworksBuildPhase section */

/* Begin PBXGroup section */
		604886551E80E4E300199F4C /* Alamofire */ = {
			isa = PBXGroup;
			children = (
			);
			path = Alamofire;
			sourceTree = "<group>";
		};
		604886571E80E52300199F4C /* Products */ = {
			isa = PBXGroup;
			children = (
				604886621E80E52300199F4C /* Alamofire.framework */,
				604886641E80E52300199F4C /* Alamofire iOS Tests.xctest */,
				604886661E80E52300199F4C /* Alamofire.framework */,
				604886681E80E52300199F4C /* Alamofire macOS Tests.xctest */,
				6048866A1E80E52300199F4C /* Alamofire.framework */,
				6048866C1E80E52300199F4C /* Alamofire tvOS Tests.xctest */,
				6048866E1E80E52300199F4C /* Alamofire.framework */,
			);
			name = Products;
			sourceTree = "<group>";
		};
		6054732E1E7A6BF9001CA00C = {
			isa = PBXGroup;
			children = (
				604886561E80E52300199F4C /* Alamofire.xcodeproj */,
				605473391E7A6BF9001CA00C /* SwiftWeibo */,
				605473381E7A6BF9001CA00C /* Products */,
			);
			sourceTree = "<group>";
		};
		605473381E7A6BF9001CA00C /* Products */ = {
			isa = PBXGroup;
			children = (
				605473371E7A6BF9001CA00C /* SwiftWeibo.app */,
			);
			name = Products;
			sourceTree = "<group>";
		};
		605473391E7A6BF9001CA00C /* SwiftWeibo */ = {
			isa = PBXGroup;
			children = (
				6054734C1E7A6C97001CA00C /* Classes */,
				6054733A1E7A6BF9001CA00C /* AppDelegate.swift */,
				6060DE891E7A7D630055F510 /* SwiftWeibo.pch */,
				607632511E7BEA8600927005 /* SwiftWeibo.swift */,
				605473411E7A6BF9001CA00C /* Assets.xcassets */,
				605473431E7A6BF9001CA00C /* LaunchScreen.storyboard */,
				605473461E7A6BF9001CA00C /* Info.plist */,
			);
			path = SwiftWeibo;
			sourceTree = "<group>";
		};
		6054734C1E7A6C97001CA00C /* Classes */ = {
			isa = PBXGroup;
			children = (
				60662D4F1E7FAB6600C95DA3 /* Other */,
				605473691E7A7B9F001CA00C /* Compose */,
				6054736D1E7A7B9F001CA00C /* Discover */,
				605473711E7A7B9F001CA00C /* Home */,
				605473751E7A7B9F001CA00C /* Main */,
				605473791E7A7B9F001CA00C /* Message */,
				605473801E7A7B9F001CA00C /* Profile */,
				605473631E7A7A9C001CA00C /* Tool */,
				6054735D1E7A79C7001CA00C /* NewFeature */,
				6054734D1E7A6ECA001CA00C /* OAuth */,
			);
			path = Classes;
			sourceTree = "<group>";
		};
		6054734D1E7A6ECA001CA00C /* OAuth */ = {
			isa = PBXGroup;
			children = (
				6054735B1E7A799D001CA00C /* Model */,
				6054735C1E7A799D001CA00C /* View */,
				6054734E1E7A6ECA001CA00C /* Controller */,
			);
			path = OAuth;
			sourceTree = "<group>";
		};
		6054734E1E7A6ECA001CA00C /* Controller */ = {
			isa = PBXGroup;
			children = (
				605473511E7A6EED001CA00C /* OAuthViewController.swift */,
			);
			path = Controller;
			sourceTree = "<group>";
		};
		6054735B1E7A799D001CA00C /* Model */ = {
			isa = PBXGroup;
			children = (
			);
			path = Model;
			sourceTree = "<group>";
		};
		6054735C1E7A799D001CA00C /* View */ = {
			isa = PBXGroup;
			children = (
			);
			path = View;
			sourceTree = "<group>";
		};
		6054735D1E7A79C7001CA00C /* NewFeature */ = {
			isa = PBXGroup;
			children = (
				607632531E7BFA6600927005 /* NewFeatureImage */,
				6054735E1E7A79C7001CA00C /* Controller */,
				6054735F1E7A79C7001CA00C /* Model */,
				605473601E7A79C7001CA00C /* View */,
			);
			path = NewFeature;
			sourceTree = "<group>";
		};
		6054735E1E7A79C7001CA00C /* Controller */ = {
			isa = PBXGroup;
			children = (
				6076324D1E7BE05C00927005 /* NewFeatureViewController.swift */,
			);
			path = Controller;
			sourceTree = "<group>";
		};
		6054735F1E7A79C7001CA00C /* Model */ = {
			isa = PBXGroup;
			children = (
			);
			path = Model;
			sourceTree = "<group>";
		};
		605473601E7A79C7001CA00C /* View */ = {
			isa = PBXGroup;
			children = (
				6076324F1E7BE09F00927005 /* NewFeatureCell.swift */,
			);
			path = View;
			sourceTree = "<group>";
		};
		605473631E7A7A9C001CA00C /* Tool */ = {
			isa = PBXGroup;
			children = (
				6060DE8A1E7A7EE80055F510 /* Compose */,
				6060DE8B1E7A7EE80055F510 /* Param */,
				6060DE8C1E7A7EE80055F510 /* Status */,
				6060DE8D1E7A7EE80055F510 /* User */,
				605473641E7A7A9C001CA00C /* Account */,
				605473651E7A7A9C001CA00C /* Http */,
				605473661E7A7A9C001CA00C /* Root */,
			);
			path = Tool;
			sourceTree = "<group>";
		};
		605473641E7A7A9C001CA00C /* Account */ = {
			isa = PBXGroup;
			children = (
			);
			path = Account;
			sourceTree = "<group>";
		};
		605473651E7A7A9C001CA00C /* Http */ = {
			isa = PBXGroup;
			children = (
				604886741E80E5AA00199F4C /* HttpTool.swift */,
			);
			path = Http;
			sourceTree = "<group>";
		};
		605473661E7A7A9C001CA00C /* Root */ = {
			isa = PBXGroup;
			children = (
				605473671E7A7AB4001CA00C /* RootTool.swift */,
			);
			path = Root;
			sourceTree = "<group>";
		};
		605473691E7A7B9F001CA00C /* Compose */ = {
			isa = PBXGroup;
			children = (
				6054736A1E7A7B9F001CA00C /* Controller */,
				6054736B1E7A7B9F001CA00C /* Model */,
				6054736C1E7A7B9F001CA00C /* View */,
			);
			path = Compose;
			sourceTree = "<group>";
		};
		6054736A1E7A7B9F001CA00C /* Controller */ = {
			isa = PBXGroup;
			children = (
				6060DE8E1E7A869E0055F510 /* ComposeViewController.swift */,
			);
			path = Controller;
			sourceTree = "<group>";
		};
		6054736B1E7A7B9F001CA00C /* Model */ = {
			isa = PBXGroup;
			children = (
			);
			path = Model;
			sourceTree = "<group>";
		};
		6054736C1E7A7B9F001CA00C /* View */ = {
			isa = PBXGroup;
			children = (
			);
			path = View;
			sourceTree = "<group>";
		};
		6054736D1E7A7B9F001CA00C /* Discover */ = {
			isa = PBXGroup;
			children = (
				6054736E1E7A7B9F001CA00C /* Controller */,
				6054736F1E7A7B9F001CA00C /* Model */,
				605473701E7A7B9F001CA00C /* View */,
			);
			path = Discover;
			sourceTree = "<group>";
		};
		6054736E1E7A7B9F001CA00C /* Controller */ = {
			isa = PBXGroup;
			children = (
				6060DE941E7A86DD0055F510 /* DiscoverViewController.swift */,
			);
			path = Controller;
			sourceTree = "<group>";
		};
		6054736F1E7A7B9F001CA00C /* Model */ = {
			isa = PBXGroup;
			children = (
			);
			path = Model;
			sourceTree = "<group>";
		};
		605473701E7A7B9F001CA00C /* View */ = {
			isa = PBXGroup;
			children = (
			);
			path = View;
			sourceTree = "<group>";
		};
		605473711E7A7B9F001CA00C /* Home */ = {
			isa = PBXGroup;
			children = (
				605473721E7A7B9F001CA00C /* Controller */,
				605473731E7A7B9F001CA00C /* Model */,
				605473741E7A7B9F001CA00C /* View */,
			);
			path = Home;
			sourceTree = "<group>";
		};
		605473721E7A7B9F001CA00C /* Controller */ = {
			isa = PBXGroup;
			children = (
				6060DE901E7A86B20055F510 /* HomeViewController.swift */,
			);
			path = Controller;
			sourceTree = "<group>";
		};
		605473731E7A7B9F001CA00C /* Model */ = {
			isa = PBXGroup;
			children = (
			);
			path = Model;
			sourceTree = "<group>";
		};
		605473741E7A7B9F001CA00C /* View */ = {
			isa = PBXGroup;
			children = (
			);
			path = View;
			sourceTree = "<group>";
		};
		605473751E7A7B9F001CA00C /* Main */ = {
			isa = PBXGroup;
			children = (
				605473761E7A7B9F001CA00C /* Controller */,
				605473771E7A7B9F001CA00C /* Model */,
				605473781E7A7B9F001CA00C /* View */,
			);
			path = Main;
			sourceTree = "<group>";
		};
		605473761E7A7B9F001CA00C /* Controller */ = {
			isa = PBXGroup;
			children = (
				6060DE981E7A87340055F510 /* TabBarController.swift */,
				6060DE9C1E7A880C0055F510 /* NavigationController.swift */,
			);
			path = Controller;
			sourceTree = "<group>";
		};
		605473771E7A7B9F001CA00C /* Model */ = {
			isa = PBXGroup;
			children = (
			);
			path = Model;
			sourceTree = "<group>";
		};
		605473781E7A7B9F001CA00C /* View */ = {
			isa = PBXGroup;
			children = (
				6060DE9A1E7A875B0055F510 /* TabBar.swift */,
				6060DE9E1E7A88410055F510 /* TabBarButton.swift */,
				6060DEA01E7A885C0055F510 /* BadgeView.swift */,
			);
			path = View;
			sourceTree = "<group>";
		};
		605473791E7A7B9F001CA00C /* Message */ = {
			isa = PBXGroup;
			children = (
				6054737A1E7A7B9F001CA00C /* Controller */,
				6054737B1E7A7B9F001CA00C /* Model */,
				6054737C1E7A7B9F001CA00C /* View */,
			);
			path = Message;
			sourceTree = "<group>";
		};
		6054737A1E7A7B9F001CA00C /* Controller */ = {
			isa = PBXGroup;
			children = (
				6060DE921E7A86C60055F510 /* MessageViewController.swift */,
			);
			path = Controller;
			sourceTree = "<group>";
		};
		6054737B1E7A7B9F001CA00C /* Model */ = {
			isa = PBXGroup;
			children = (
			);
			path = Model;
			sourceTree = "<group>";
		};
		6054737C1E7A7B9F001CA00C /* View */ = {
			isa = PBXGroup;
			children = (
			);
			path = View;
			sourceTree = "<group>";
		};
		605473801E7A7B9F001CA00C /* Profile */ = {
			isa = PBXGroup;
			children = (
				605473811E7A7B9F001CA00C /* Controller */,
				605473821E7A7B9F001CA00C /* Model */,
				605473831E7A7B9F001CA00C /* View */,
			);
			path = Profile;
			sourceTree = "<group>";
		};
		605473811E7A7B9F001CA00C /* Controller */ = {
			isa = PBXGroup;
			children = (
				6060DE961E7A86FA0055F510 /* ProfileViewController.swift */,
			);
			path = Controller;
			sourceTree = "<group>";
		};
		605473821E7A7B9F001CA00C /* Model */ = {
			isa = PBXGroup;
			children = (
			);
			path = Model;
			sourceTree = "<group>";
		};
		605473831E7A7B9F001CA00C /* View */ = {
			isa = PBXGroup;
			children = (
			);
			path = View;
			sourceTree = "<group>";
		};
		6060DE8A1E7A7EE80055F510 /* Compose */ = {
			isa = PBXGroup;
			children = (
				6076324B1E7B8A2500927005 /* commonTool.swift */,
			);
			path = Compose;
			sourceTree = "<group>";
		};
		6060DE8B1E7A7EE80055F510 /* Param */ = {
			isa = PBXGroup;
			children = (
			);
			path = Param;
			sourceTree = "<group>";
		};
		6060DE8C1E7A7EE80055F510 /* Status */ = {
			isa = PBXGroup;
			children = (
			);
			path = Status;
			sourceTree = "<group>";
		};
		6060DE8D1E7A7EE80055F510 /* User */ = {
			isa = PBXGroup;
			children = (
			);
			path = User;
			sourceTree = "<group>";
		};
		60662D4F1E7FAB6600C95DA3 /* Other */ = {
			isa = PBXGroup;
			children = (
				60662D501E7FAB6600C95DA3 /* Category */,
				60662D511E7FAB6600C95DA3 /* Lib */,
			);
			path = Other;
			sourceTree = "<group>";
		};
		60662D501E7FAB6600C95DA3 /* Category */ = {
			isa = PBXGroup;
			children = (
			);
			path = Category;
			sourceTree = "<group>";
		};
		60662D511E7FAB6600C95DA3 /* Lib */ = {
			isa = PBXGroup;
			children = (
				604886551E80E4E300199F4C /* Alamofire */,
				60662D531E7FAC2A00C95DA3 /* Kingfisher */,
				60662D541E7FAC2A00C95DA3 /* SwiftyJSON */,
			);
			path = Lib;
			sourceTree = "<group>";
		};
		60662D531E7FAC2A00C95DA3 /* Kingfisher */ = {
			isa = PBXGroup;
			children = (
				60662DA61E7FAFEB00C95DA3 /* AnimatedImageView.swift */,
				60662DA71E7FAFEB00C95DA3 /* Box.swift */,
				60662DA81E7FAFEB00C95DA3 /* CacheSerializer.swift */,
				60662DA91E7FAFEB00C95DA3 /* Filter.swift */,
				60662DAA1E7FAFEB00C95DA3 /* Image.swift */,
				60662DAB1E7FAFEB00C95DA3 /* ImageCache.swift */,
				60662DAC1E7FAFEB00C95DA3 /* ImageDownloader.swift */,
				60662DAD1E7FAFEB00C95DA3 /* ImagePrefetcher.swift */,
				60662DAE1E7FAFEB00C95DA3 /* ImageProcessor.swift */,
				60662DAF1E7FAFEB00C95DA3 /* ImageTransition.swift */,
				60662DB01E7FAFEB00C95DA3 /* ImageView+Kingfisher.swift */,
				60662DB11E7FAFEB00C95DA3 /* Indicator.swift */,
				60662DB21E7FAFEB00C95DA3 /* Info.plist */,
				60662DB31E7FAFEB00C95DA3 /* Kingfisher.h */,
				60662DB41E7FAFEB00C95DA3 /* Kingfisher.swift */,
				60662DB51E7FAFEB00C95DA3 /* KingfisherManager.swift */,
				60662DB61E7FAFEB00C95DA3 /* KingfisherOptionsInfo.swift */,
				60662DB81E7FAFEB00C95DA3 /* RequestModifier.swift */,
				60662DB91E7FAFEB00C95DA3 /* Resource.swift */,
				60662DBA1E7FAFEB00C95DA3 /* String+MD5.swift */,
				60662DBB1E7FAFEB00C95DA3 /* ThreadHelper.swift */,
				60662DBC1E7FAFEB00C95DA3 /* UIButton+Kingfisher.swift */,
			);
			path = Kingfisher;
			sourceTree = "<group>";
		};
		60662D541E7FAC2A00C95DA3 /* SwiftyJSON */ = {
			isa = PBXGroup;
			children = (
				60662DA31E7FAE5700C95DA3 /* SwiftyJSON.h */,
				60662DA41E7FAE5700C95DA3 /* SwiftyJSON.swift */,
			);
			path = SwiftyJSON;
			sourceTree = "<group>";
		};
		607632531E7BFA6600927005 /* NewFeatureImage */ = {
			isa = PBXGroup;
			children = (
				607632541E7BFA8700927005 /* new_feature_1-568h@2x.png */,
				607632551E7BFA8700927005 /* new_feature_1@2x.png */,
				607632561E7BFA8700927005 /* new_feature_2-568h@2x.png */,
				607632571E7BFA8700927005 /* new_feature_2@2x.png */,
				607632581E7BFA8700927005 /* new_feature_3-568h@2x.png */,
				607632591E7BFA8700927005 /* new_feature_3@2x.png */,
				6076325A1E7BFA8700927005 /* new_feature_4-568h@2x.png */,
				6076325B1E7BFA8700927005 /* new_feature_4@2x.png */,
				6076325C1E7BFA8700927005 /* new_feature_finish_button_highlighted@2x.png */,
				6076325D1E7BFA8700927005 /* new_feature_finish_button@2x.png */,
				6076325E1E7BFA8700927005 /* new_feature_share_false@2x.png */,
				6076325F1E7BFA8700927005 /* new_feature_share_true@2x.png */,
			);
			path = NewFeatureImage;
			sourceTree = "<group>";
		};
/* End PBXGroup section */

/* Begin PBXNativeTarget section */
		605473361E7A6BF9001CA00C /* SwiftWeibo */ = {
			isa = PBXNativeTarget;
			buildConfigurationList = 605473491E7A6BF9001CA00C /* Build configuration list for PBXNativeTarget "SwiftWeibo" */;
			buildPhases = (
				605473331E7A6BF9001CA00C /* Sources */,
				605473341E7A6BF9001CA00C /* Frameworks */,
				605473351E7A6BF9001CA00C /* Resources */,
				604886731E80E56700199F4C /* Embed Frameworks */,
			);
			buildRules = (
			);
			dependencies = (
				604886721E80E56700199F4C /* PBXTargetDependency */,
			);
			name = SwiftWeibo;
			productName = SwiftWeibo;
			productReference = 605473371E7A6BF9001CA00C /* SwiftWeibo.app */;
			productType = "com.apple.product-type.application";
		};
/* End PBXNativeTarget section */

/* Begin PBXProject section */
		6054732F1E7A6BF9001CA00C /* Project object */ = {
			isa = PBXProject;
			attributes = {
				LastSwiftUpdateCheck = 0820;
				LastUpgradeCheck = 0820;
				ORGANIZATIONNAME = Taurus;
				TargetAttributes = {
					605473361E7A6BF9001CA00C = {
						CreatedOnToolsVersion = 8.2.1;
						DevelopmentTeam = 5Y83Y3MD48;
						ProvisioningStyle = Automatic;
					};
				};
			};
			buildConfigurationList = 605473321E7A6BF9001CA00C /* Build configuration list for PBXProject "SwiftWeibo" */;
			compatibilityVersion = "Xcode 3.2";
			developmentRegion = English;
			hasScannedForEncodings = 0;
			knownRegions = (
				en,
				Base,
			);
			mainGroup = 6054732E1E7A6BF9001CA00C;
			productRefGroup = 605473381E7A6BF9001CA00C /* Products */;
			projectDirPath = "";
			projectReferences = (
				{
					ProductGroup = 604886571E80E52300199F4C /* Products */;
					ProjectRef = 604886561E80E52300199F4C /* Alamofire.xcodeproj */;
				},
			);
			projectRoot = "";
			targets = (
				605473361E7A6BF9001CA00C /* SwiftWeibo */,
			);
		};
/* End PBXProject section */

/* Begin PBXReferenceProxy section */
		604886621E80E52300199F4C /* Alamofire.framework */ = {
			isa = PBXReferenceProxy;
			fileType = wrapper.framework;
			path = Alamofire.framework;
			remoteRef = 604886611E80E52300199F4C /* PBXContainerItemProxy */;
			sourceTree = BUILT_PRODUCTS_DIR;
		};
		604886641E80E52300199F4C /* Alamofire iOS Tests.xctest */ = {
			isa = PBXReferenceProxy;
			fileType = wrapper.cfbundle;
			path = "Alamofire iOS Tests.xctest";
			remoteRef = 604886631E80E52300199F4C /* PBXContainerItemProxy */;
			sourceTree = BUILT_PRODUCTS_DIR;
		};
		604886661E80E52300199F4C /* Alamofire.framework */ = {
			isa = PBXReferenceProxy;
			fileType = wrapper.framework;
			path = Alamofire.framework;
			remoteRef = 604886651E80E52300199F4C /* PBXContainerItemProxy */;
			sourceTree = BUILT_PRODUCTS_DIR;
		};
		604886681E80E52300199F4C /* Alamofire macOS Tests.xctest */ = {
			isa = PBXReferenceProxy;
			fileType = wrapper.cfbundle;
			path = "Alamofire macOS Tests.xctest";
			remoteRef = 604886671E80E52300199F4C /* PBXContainerItemProxy */;
			sourceTree = BUILT_PRODUCTS_DIR;
		};
		6048866A1E80E52300199F4C /* Alamofire.framework */ = {
			isa = PBXReferenceProxy;
			fileType = wrapper.framework;
			path = Alamofire.framework;
			remoteRef = 604886691E80E52300199F4C /* PBXContainerItemProxy */;
			sourceTree = BUILT_PRODUCTS_DIR;
		};
		6048866C1E80E52300199F4C /* Alamofire tvOS Tests.xctest */ = {
			isa = PBXReferenceProxy;
			fileType = wrapper.cfbundle;
			path = "Alamofire tvOS Tests.xctest";
			remoteRef = 6048866B1E80E52300199F4C /* PBXContainerItemProxy */;
			sourceTree = BUILT_PRODUCTS_DIR;
		};
		6048866E1E80E52300199F4C /* Alamofire.framework */ = {
			isa = PBXReferenceProxy;
			fileType = wrapper.framework;
			path = Alamofire.framework;
			remoteRef = 6048866D1E80E52300199F4C /* PBXContainerItemProxy */;
			sourceTree = BUILT_PRODUCTS_DIR;
		};
/* End PBXReferenceProxy section */

/* Begin PBXResourcesBuildPhase section */
		605473351E7A6BF9001CA00C /* Resources */ = {
			isa = PBXResourcesBuildPhase;
			buildActionMask = 2147483647;
			files = (
				607632661E7BFA8700927005 /* new_feature_4-568h@2x.png in Resources */,
				607632681E7BFA8700927005 /* new_feature_finish_button_highlighted@2x.png in Resources */,
				607632671E7BFA8700927005 /* new_feature_4@2x.png in Resources */,
				6076326A1E7BFA8700927005 /* new_feature_share_false@2x.png in Resources */,
				607632651E7BFA8700927005 /* new_feature_3@2x.png in Resources */,
				605473451E7A6BF9001CA00C /* LaunchScreen.storyboard in Resources */,
				607632641E7BFA8700927005 /* new_feature_3-568h@2x.png in Resources */,
				607632691E7BFA8700927005 /* new_feature_finish_button@2x.png in Resources */,
				60662DC91E7FAFEB00C95DA3 /* Info.plist in Resources */,
				607632631E7BFA8700927005 /* new_feature_2@2x.png in Resources */,
				607632621E7BFA8700927005 /* new_feature_2-568h@2x.png in Resources */,
				6076326B1E7BFA8700927005 /* new_feature_share_true@2x.png in Resources */,
				605473421E7A6BF9001CA00C /* Assets.xcassets in Resources */,
				607632611E7BFA8700927005 /* new_feature_1@2x.png in Resources */,
				607632601E7BFA8700927005 /* new_feature_1-568h@2x.png in Resources */,
			);
			runOnlyForDeploymentPostprocessing = 0;
		};
/* End PBXResourcesBuildPhase section */

/* Begin PBXSourcesBuildPhase section */
		605473331E7A6BF9001CA00C /* Sources */ = {
			isa = PBXSourcesBuildPhase;
			buildActionMask = 2147483647;
			files = (
				60662DD11E7FAFEB00C95DA3 /* ThreadHelper.swift in Sources */,
				6060DE8F1E7A869E0055F510 /* ComposeViewController.swift in Sources */,
				60662DC61E7FAFEB00C95DA3 /* ImageTransition.swift in Sources */,
				60662DC21E7FAFEB00C95DA3 /* ImageCache.swift in Sources */,
				60662DD01E7FAFEB00C95DA3 /* String+MD5.swift in Sources */,
				6060DE9D1E7A880C0055F510 /* NavigationController.swift in Sources */,
				604886751E80E5AA00199F4C /* HttpTool.swift in Sources */,
				60662DCE1E7FAFEB00C95DA3 /* RequestModifier.swift in Sources */,
				605473521E7A6EED001CA00C /* OAuthViewController.swift in Sources */,
				6060DE9F1E7A88410055F510 /* TabBarButton.swift in Sources */,
				60662DC81E7FAFEB00C95DA3 /* Indicator.swift in Sources */,
				6076324C1E7B8A2500927005 /* commonTool.swift in Sources */,
				607632501E7BE09F00927005 /* NewFeatureCell.swift in Sources */,
				60662DC71E7FAFEB00C95DA3 /* ImageView+Kingfisher.swift in Sources */,
				6060DE991E7A87340055F510 /* TabBarController.swift in Sources */,
				60662DCC1E7FAFEB00C95DA3 /* KingfisherOptionsInfo.swift in Sources */,
				6054733B1E7A6BF9001CA00C /* AppDelegate.swift in Sources */,
				60662DC11E7FAFEB00C95DA3 /* Image.swift in Sources */,
				60662DC01E7FAFEB00C95DA3 /* Filter.swift in Sources */,
				60662DBD1E7FAFEB00C95DA3 /* AnimatedImageView.swift in Sources */,
				605473681E7A7AB4001CA00C /* RootTool.swift in Sources */,
				60662DC31E7FAFEB00C95DA3 /* ImageDownloader.swift in Sources */,
				6060DEA11E7A885C0055F510 /* BadgeView.swift in Sources */,
				60662DCA1E7FAFEB00C95DA3 /* Kingfisher.swift in Sources */,
				60662DCB1E7FAFEB00C95DA3 /* KingfisherManager.swift in Sources */,
				6060DE951E7A86DD0055F510 /* DiscoverViewController.swift in Sources */,
				60662DBE1E7FAFEB00C95DA3 /* Box.swift in Sources */,
				60662DCF1E7FAFEB00C95DA3 /* Resource.swift in Sources */,
				6060DE971E7A86FA0055F510 /* ProfileViewController.swift in Sources */,
				6060DE9B1E7A875B0055F510 /* TabBar.swift in Sources */,
				6060DE911E7A86B20055F510 /* HomeViewController.swift in Sources */,
				60662DC41E7FAFEB00C95DA3 /* ImagePrefetcher.swift in Sources */,
				60662DC51E7FAFEB00C95DA3 /* ImageProcessor.swift in Sources */,
				6076324E1E7BE05C00927005 /* NewFeatureViewController.swift in Sources */,
				60662DD21E7FAFEB00C95DA3 /* UIButton+Kingfisher.swift in Sources */,
				60662DBF1E7FAFEB00C95DA3 /* CacheSerializer.swift in Sources */,
				607632521E7BEA8600927005 /* SwiftWeibo.swift in Sources */,
				60662DA51E7FAE5700C95DA3 /* SwiftyJSON.swift in Sources */,
				6060DE931E7A86C60055F510 /* MessageViewController.swift in Sources */,
			);
			runOnlyForDeploymentPostprocessing = 0;
		};
/* End PBXSourcesBuildPhase section */

/* Begin PBXTargetDependency section */
		604886721E80E56700199F4C /* PBXTargetDependency */ = {
			isa = PBXTargetDependency;
			name = "Alamofire iOS";
			targetProxy = 604886711E80E56700199F4C /* PBXContainerItemProxy */;
		};
/* End PBXTargetDependency section */

/* Begin PBXVariantGroup section */
		605473431E7A6BF9001CA00C /* LaunchScreen.storyboard */ = {
			isa = PBXVariantGroup;
			children = (
				605473441E7A6BF9001CA00C /* Base */,
			);
			name = LaunchScreen.storyboard;
			sourceTree = "<group>";
		};
/* End PBXVariantGroup section */

/* Begin XCBuildConfiguration section */
		605473471E7A6BF9001CA00C /* Debug */ = {
			isa = XCBuildConfiguration;
			buildSettings = {
				ALWAYS_SEARCH_USER_PATHS = NO;
				CLANG_ANALYZER_NONNULL = YES;
				CLANG_CXX_LANGUAGE_STANDARD = "gnu++0x";
				CLANG_CXX_LIBRARY = "libc++";
				CLANG_ENABLE_MODULES = YES;
				CLANG_ENABLE_OBJC_ARC = YES;
				CLANG_WARN_BOOL_CONVERSION = YES;
				CLANG_WARN_CONSTANT_CONVERSION = YES;
				CLANG_WARN_DIRECT_OBJC_ISA_USAGE = YES_ERROR;
				CLANG_WARN_DOCUMENTATION_COMMENTS = YES;
				CLANG_WARN_EMPTY_BODY = YES;
				CLANG_WARN_ENUM_CONVERSION = YES;
				CLANG_WARN_INFINITE_RECURSION = YES;
				CLANG_WARN_INT_CONVERSION = YES;
				CLANG_WARN_OBJC_ROOT_CLASS = YES_ERROR;
				CLANG_WARN_SUSPICIOUS_MOVE = YES;
				CLANG_WARN_UNREACHABLE_CODE = YES;
				CLANG_WARN__DUPLICATE_METHOD_MATCH = YES;
				"CODE_SIGN_IDENTITY[sdk=iphoneos*]" = "iPhone Developer";
				COPY_PHASE_STRIP = NO;
				DEBUG_INFORMATION_FORMAT = dwarf;
				ENABLE_STRICT_OBJC_MSGSEND = YES;
				ENABLE_TESTABILITY = YES;
				GCC_C_LANGUAGE_STANDARD = gnu99;
				GCC_DYNAMIC_NO_PIC = NO;
				GCC_NO_COMMON_BLOCKS = YES;
				GCC_OPTIMIZATION_LEVEL = 0;
				GCC_PREPROCESSOR_DEFINITIONS = (
					"DEBUG=1",
					"$(inherited)",
				);
				GCC_WARN_64_TO_32_BIT_CONVERSION = YES;
				GCC_WARN_ABOUT_RETURN_TYPE = YES_ERROR;
				GCC_WARN_UNDECLARED_SELECTOR = YES;
				GCC_WARN_UNINITIALIZED_AUTOS = YES_AGGRESSIVE;
				GCC_WARN_UNUSED_FUNCTION = YES;
				GCC_WARN_UNUSED_VARIABLE = YES;
				IPHONEOS_DEPLOYMENT_TARGET = 10.2;
				MTL_ENABLE_DEBUG_INFO = YES;
				ONLY_ACTIVE_ARCH = YES;
				SDKROOT = iphoneos;
				SWIFT_ACTIVE_COMPILATION_CONDITIONS = DEBUG;
				SWIFT_OPTIMIZATION_LEVEL = "-Onone";
			};
			name = Debug;
		};
		605473481E7A6BF9001CA00C /* Release */ = {
			isa = XCBuildConfiguration;
			buildSettings = {
				ALWAYS_SEARCH_USER_PATHS = NO;
				CLANG_ANALYZER_NONNULL = YES;
				CLANG_CXX_LANGUAGE_STANDARD = "gnu++0x";
				CLANG_CXX_LIBRARY = "libc++";
				CLANG_ENABLE_MODULES = YES;
				CLANG_ENABLE_OBJC_ARC = YES;
				CLANG_WARN_BOOL_CONVERSION = YES;
				CLANG_WARN_CONSTANT_CONVERSION = YES;
				CLANG_WARN_DIRECT_OBJC_ISA_USAGE = YES_ERROR;
				CLANG_WARN_DOCUMENTATION_COMMENTS = YES;
				CLANG_WARN_EMPTY_BODY = YES;
				CLANG_WARN_ENUM_CONVERSION = YES;
				CLANG_WARN_INFINITE_RECURSION = YES;
				CLANG_WARN_INT_CONVERSION = YES;
				CLANG_WARN_OBJC_ROOT_CLASS = YES_ERROR;
				CLANG_WARN_SUSPICIOUS_MOVE = YES;
				CLANG_WARN_UNREACHABLE_CODE = YES;
				CLANG_WARN__DUPLICATE_METHOD_MATCH = YES;
				"CODE_SIGN_IDENTITY[sdk=iphoneos*]" = "iPhone Developer";
				COPY_PHASE_STRIP = NO;
				DEBUG_INFORMATION_FORMAT = "dwarf-with-dsym";
				ENABLE_NS_ASSERTIONS = NO;
				ENABLE_STRICT_OBJC_MSGSEND = YES;
				GCC_C_LANGUAGE_STANDARD = gnu99;
				GCC_NO_COMMON_BLOCKS = YES;
				GCC_WARN_64_TO_32_BIT_CONVERSION = YES;
				GCC_WARN_ABOUT_RETURN_TYPE = YES_ERROR;
				GCC_WARN_UNDECLARED_SELECTOR = YES;
				GCC_WARN_UNINITIALIZED_AUTOS = YES_AGGRESSIVE;
				GCC_WARN_UNUSED_FUNCTION = YES;
				GCC_WARN_UNUSED_VARIABLE = YES;
				IPHONEOS_DEPLOYMENT_TARGET = 10.2;
				MTL_ENABLE_DEBUG_INFO = NO;
				SDKROOT = iphoneos;
				SWIFT_OPTIMIZATION_LEVEL = "-Owholemodule";
				VALIDATE_PRODUCT = YES;
			};
			name = Release;
		};
		6054734A1E7A6BF9001CA00C /* Debug */ = {
			isa = XCBuildConfiguration;
			buildSettings = {
				ALWAYS_EMBED_SWIFT_STANDARD_LIBRARIES = YES;
				ASSETCATALOG_COMPILER_APPICON_NAME = AppIcon;
				DEVELOPMENT_TEAM = 5Y83Y3MD48;
				GCC_PRECOMPILE_PREFIX_HEADER = YES;
				GCC_PREFIX_HEADER = "$(SRCROOT)/SwiftWeibo/SwiftWeibo.pch";
				INFOPLIST_FILE = SwiftWeibo/Info.plist;
				IPHONEOS_DEPLOYMENT_TARGET = 8.0;
				LD_RUNPATH_SEARCH_PATHS = "$(inherited) @executable_path/Frameworks";
				PRODUCT_BUNDLE_IDENTIFIER = cn.taurus.cn.SwiftWeibo;
				PRODUCT_NAME = "$(TARGET_NAME)";
				SWIFT_VERSION = 3.0;
			};
			name = Debug;
		};
		6054734B1E7A6BF9001CA00C /* Release */ = {
			isa = XCBuildConfiguration;
			buildSettings = {
				ALWAYS_EMBED_SWIFT_STANDARD_LIBRARIES = YES;
				ASSETCATALOG_COMPILER_APPICON_NAME = AppIcon;
				DEVELOPMENT_TEAM = 5Y83Y3MD48;
				GCC_PRECOMPILE_PREFIX_HEADER = YES;
				GCC_PREFIX_HEADER = "$(SRCROOT)/SwiftWeibo/SwiftWeibo.pch";
				INFOPLIST_FILE = SwiftWeibo/Info.plist;
				IPHONEOS_DEPLOYMENT_TARGET = 8.0;
				LD_RUNPATH_SEARCH_PATHS = "$(inherited) @executable_path/Frameworks";
				PRODUCT_BUNDLE_IDENTIFIER = cn.taurus.cn.SwiftWeibo;
				PRODUCT_NAME = "$(TARGET_NAME)";
				SWIFT_VERSION = 3.0;
			};
			name = Release;
		};
/* End XCBuildConfiguration section */

/* Begin XCConfigurationList section */
		605473321E7A6BF9001CA00C /* Build configuration list for PBXProject "SwiftWeibo" */ = {
			isa = XCConfigurationList;
			buildConfigurations = (
				605473471E7A6BF9001CA00C /* Debug */,
				605473481E7A6BF9001CA00C /* Release */,
			);
			defaultConfigurationIsVisible = 0;
			defaultConfigurationName = Release;
		};
		605473491E7A6BF9001CA00C /* Build configuration list for PBXNativeTarget "SwiftWeibo" */ = {
			isa = XCConfigurationList;
			buildConfigurations = (
				6054734A1E7A6BF9001CA00C /* Debug */,
				6054734B1E7A6BF9001CA00C /* Release */,
			);
			defaultConfigurationIsVisible = 0;
			defaultConfigurationName = Release;
		};
/* End XCConfigurationList section */
	};
	rootObject = 6054732F1E7A6BF9001CA00C /* Project object */;
}
